// !$*UTF8*$!
{
	archiveVersion = 1;
	classes = {
	};
	objectVersion = 50;
	objects = {

/* Begin PBXBuildFile section */
		3E250CBA26E4201900C7A67D /* MatchVC.swift in Sources */ = {isa = PBXBuildFile; fileRef = 3E250CB926E4201900C7A67D /* MatchVC.swift */; };
		3E6E464326C6045E00E54819 /* CombineVC.swift in Sources */ = {isa = PBXBuildFile; fileRef = 3E6E464226C6045E00E54819 /* CombineVC.swift */; };
		3E958DF526C060C8001CA08B /* AppDelegate.swift in Sources */ = {isa = PBXBuildFile; fileRef = 3E958DF426C060C8001CA08B /* AppDelegate.swift */; };
		3E958DF726C060C8001CA08B /* SceneDelegate.swift in Sources */ = {isa = PBXBuildFile; fileRef = 3E958DF626C060C8001CA08B /* SceneDelegate.swift */; };
		3E958DF926C060C8001CA08B /* ViewController.swift in Sources */ = {isa = PBXBuildFile; fileRef = 3E958DF826C060C8001CA08B /* ViewController.swift */; };
		3E958DFC26C060C8001CA08B /* Main.storyboard in Resources */ = {isa = PBXBuildFile; fileRef = 3E958DFA26C060C8001CA08B /* Main.storyboard */; };
		3E958DFE26C060CA001CA08B /* Assets.xcassets in Resources */ = {isa = PBXBuildFile; fileRef = 3E958DFD26C060CA001CA08B /* Assets.xcassets */; };
		3E958E0126C060CA001CA08B /* LaunchScreen.storyboard in Resources */ = {isa = PBXBuildFile; fileRef = 3E958DFF26C060CA001CA08B /* LaunchScreen.storyboard */; };
		3E958E0926C06A13001CA08B /* UIView.swift in Sources */ = {isa = PBXBuildFile; fileRef = 3E958E0826C06A13001CA08B /* UIView.swift */; };
		3EACFAF626E3CA68009AB812 /* UIButton.swift in Sources */ = {isa = PBXBuildFile; fileRef = 3EACFAF526E3CA68009AB812 /* UIButton.swift */; };
		3EACFAF826E3EB31009AB812 /* Loading.swift in Sources */ = {isa = PBXBuildFile; fileRef = 3EACFAF726E3EB31009AB812 /* Loading.swift */; };
		3EAE538326E3AC64001397C5 /* CombineCardView.swift in Sources */ = {isa = PBXBuildFile; fileRef = 3EAE538226E3AC64001397C5 /* CombineCardView.swift */; };
		3EAE538626E3B09D001397C5 /* UILabel.swift in Sources */ = {isa = PBXBuildFile; fileRef = 3EAE538526E3B09D001397C5 /* UILabel.swift */; };
		3EAE538926E3B3D3001397C5 /* User.swift in Sources */ = {isa = PBXBuildFile; fileRef = 3EAE538826E3B3D3001397C5 /* User.swift */; };
		3EAE538C26E3B484001397C5 /* UserService.swift in Sources */ = {isa = PBXBuildFile; fileRef = 3EAE538B26E3B484001397C5 /* UserService.swift */; };
		3EAE538E26E3B967001397C5 /* UIImageView.swift in Sources */ = {isa = PBXBuildFile; fileRef = 3EAE538D26E3B967001397C5 /* UIImageView.swift */; };
/* End PBXBuildFile section */

/* Begin PBXFileReference section */
		3E250CB926E4201900C7A67D /* MatchVC.swift */ = {isa = PBXFileReference; lastKnownFileType = sourcecode.swift; path = MatchVC.swift; sourceTree = "<group>"; };
		3E6E464226C6045E00E54819 /* CombineVC.swift */ = {isa = PBXFileReference; lastKnownFileType = sourcecode.swift; path = CombineVC.swift; sourceTree = "<group>"; };
		3E958DF126C060C8001CA08B /* tinder.app */ = {isa = PBXFileReference; explicitFileType = wrapper.application; includeInIndex = 0; path = tinder.app; sourceTree = BUILT_PRODUCTS_DIR; };
		3E958DF426C060C8001CA08B /* AppDelegate.swift */ = {isa = PBXFileReference; lastKnownFileType = sourcecode.swift; path = AppDelegate.swift; sourceTree = "<group>"; };
		3E958DF626C060C8001CA08B /* SceneDelegate.swift */ = {isa = PBXFileReference; lastKnownFileType = sourcecode.swift; path = SceneDelegate.swift; sourceTree = "<group>"; };
		3E958DF826C060C8001CA08B /* ViewController.swift */ = {isa = PBXFileReference; lastKnownFileType = sourcecode.swift; path = ViewController.swift; sourceTree = "<group>"; };
		3E958DFB26C060C8001CA08B /* Base */ = {isa = PBXFileReference; lastKnownFileType = file.storyboard; name = Base; path = Base.lproj/Main.storyboard; sourceTree = "<group>"; };
		3E958DFD26C060CA001CA08B /* Assets.xcassets */ = {isa = PBXFileReference; lastKnownFileType = folder.assetcatalog; path = Assets.xcassets; sourceTree = "<group>"; };
		3E958E0026C060CA001CA08B /* Base */ = {isa = PBXFileReference; lastKnownFileType = file.storyboard; name = Base; path = Base.lproj/LaunchScreen.storyboard; sourceTree = "<group>"; };
		3E958E0226C060CA001CA08B /* Info.plist */ = {isa = PBXFileReference; lastKnownFileType = text.plist.xml; path = Info.plist; sourceTree = "<group>"; };
		3E958E0826C06A13001CA08B /* UIView.swift */ = {isa = PBXFileReference; lastKnownFileType = sourcecode.swift; path = UIView.swift; sourceTree = "<group>"; };
		3EACFAF526E3CA68009AB812 /* UIButton.swift */ = {isa = PBXFileReference; lastKnownFileType = sourcecode.swift; path = UIButton.swift; sourceTree = "<group>"; };
		3EACFAF726E3EB31009AB812 /* Loading.swift */ = {isa = PBXFileReference; lastKnownFileType = sourcecode.swift; path = Loading.swift; sourceTree = "<group>"; };
		3EAE538226E3AC64001397C5 /* CombineCardView.swift */ = {isa = PBXFileReference; lastKnownFileType = sourcecode.swift; path = CombineCardView.swift; sourceTree = "<group>"; };
		3EAE538526E3B09D001397C5 /* UILabel.swift */ = {isa = PBXFileReference; lastKnownFileType = sourcecode.swift; path = UILabel.swift; sourceTree = "<group>"; };
		3EAE538826E3B3D3001397C5 /* User.swift */ = {isa = PBXFileReference; lastKnownFileType = sourcecode.swift; path = User.swift; sourceTree = "<group>"; };
		3EAE538B26E3B484001397C5 /* UserService.swift */ = {isa = PBXFileReference; lastKnownFileType = sourcecode.swift; path = UserService.swift; sourceTree = "<group>"; };
		3EAE538D26E3B967001397C5 /* UIImageView.swift */ = {isa = PBXFileReference; lastKnownFileType = sourcecode.swift; path = UIImageView.swift; sourceTree = "<group>"; };
/* End PBXFileReference section */

/* Begin PBXFrameworksBuildPhase section */
		3E958DEE26C060C8001CA08B /* Frameworks */ = {
			isa = PBXFrameworksBuildPhase;
			buildActionMask = 2147483647;
			files = (
			);
			runOnlyForDeploymentPostprocessing = 0;
		};
/* End PBXFrameworksBuildPhase section */

/* Begin PBXGroup section */
		3E6E464126C6044000E54819 /* Controller */ = {
			isa = PBXGroup;
			children = (
				3E6E464226C6045E00E54819 /* CombineVC.swift */,
				3E250CB926E4201900C7A67D /* MatchVC.swift */,
			);
			path = Controller;
			sourceTree = "<group>";
		};
		3E958DE826C060C8001CA08B = {
			isa = PBXGroup;
			children = (
				3E958DF326C060C8001CA08B /* tinder */,
				3E958DF226C060C8001CA08B /* Products */,
			);
			sourceTree = "<group>";
		};
		3E958DF226C060C8001CA08B /* Products */ = {
			isa = PBXGroup;
			children = (
				3E958DF126C060C8001CA08B /* tinder.app */,
			);
			name = Products;
			sourceTree = "<group>";
		};
		3E958DF326C060C8001CA08B /* tinder */ = {
			isa = PBXGroup;
			children = (
				3EAE538A26E3B478001397C5 /* Service */,
				3EAE538726E3B3C9001397C5 /* Model */,
				3EAE538426E3AE7E001397C5 /* Lib */,
				3EAE538126E3AC48001397C5 /* View */,
				3E6E464126C6044000E54819 /* Controller */,
				3E958DF426C060C8001CA08B /* AppDelegate.swift */,
				3E958DF626C060C8001CA08B /* SceneDelegate.swift */,
				3E958DF826C060C8001CA08B /* ViewController.swift */,
				3E958DFA26C060C8001CA08B /* Main.storyboard */,
				3E958DFD26C060CA001CA08B /* Assets.xcassets */,
				3E958DFF26C060CA001CA08B /* LaunchScreen.storyboard */,
				3E958E0226C060CA001CA08B /* Info.plist */,
			);
			path = tinder;
			sourceTree = "<group>";
		};
		3EAE538126E3AC48001397C5 /* View */ = {
			isa = PBXGroup;
			children = (
				3EAE538226E3AC64001397C5 /* CombineCardView.swift */,
				3EACFAF726E3EB31009AB812 /* Loading.swift */,
			);
			path = View;
			sourceTree = "<group>";
		};
		3EAE538426E3AE7E001397C5 /* Lib */ = {
			isa = PBXGroup;
			children = (
				3E958E0826C06A13001CA08B /* UIView.swift */,
				3EAE538526E3B09D001397C5 /* UILabel.swift */,
				3EAE538D26E3B967001397C5 /* UIImageView.swift */,
				3EACFAF526E3CA68009AB812 /* UIButton.swift */,
			);
			path = Lib;
			sourceTree = "<group>";
		};
		3EAE538726E3B3C9001397C5 /* Model */ = {
			isa = PBXGroup;
			children = (
				3EAE538826E3B3D3001397C5 /* User.swift */,
			);
			path = Model;
			sourceTree = "<group>";
		};
		3EAE538A26E3B478001397C5 /* Service */ = {
			isa = PBXGroup;
			children = (
				3EAE538B26E3B484001397C5 /* UserService.swift */,
			);
			path = Service;
			sourceTree = "<group>";
		};
/* End PBXGroup section */

/* Begin PBXNativeTarget section */
		3E958DF026C060C8001CA08B /* tinder */ = {
			isa = PBXNativeTarget;
			buildConfigurationList = 3E958E0526C060CA001CA08B /* Build configuration list for PBXNativeTarget "tinder" */;
			buildPhases = (
				3E958DED26C060C8001CA08B /* Sources */,
				3E958DEE26C060C8001CA08B /* Frameworks */,
				3E958DEF26C060C8001CA08B /* Resources */,
			);
			buildRules = (
			);
			dependencies = (
			);
			name = tinder;
			productName = tinder;
			productReference = 3E958DF126C060C8001CA08B /* tinder.app */;
			productType = "com.apple.product-type.application";
		};
/* End PBXNativeTarget section */

/* Begin PBXProject section */
		3E958DE926C060C8001CA08B /* Project object */ = {
			isa = PBXProject;
			attributes = {
				LastSwiftUpdateCheck = 1250;
				LastUpgradeCheck = 1250;
				TargetAttributes = {
					3E958DF026C060C8001CA08B = {
						CreatedOnToolsVersion = 12.5.1;
					};
				};
			};
			buildConfigurationList = 3E958DEC26C060C8001CA08B /* Build configuration list for PBXProject "tinder" */;
			compatibilityVersion = "Xcode 9.3";
			developmentRegion = en;
			hasScannedForEncodings = 0;
			knownRegions = (
				en,
				Base,
			);
			mainGroup = 3E958DE826C060C8001CA08B;
			productRefGroup = 3E958DF226C060C8001CA08B /* Products */;
			projectDirPath = "";
			projectRoot = "";
			targets = (
				3E958DF026C060C8001CA08B /* tinder */,
			);
		};
/* End PBXProject section */

/* Begin PBXResourcesBuildPhase section */
		3E958DEF26C060C8001CA08B /* Resources */ = {
			isa = PBXResourcesBuildPhase;
			buildActionMask = 2147483647;
			files = (
				3E958E0126C060CA001CA08B /* LaunchScreen.storyboard in Resources */,
				3E958DFE26C060CA001CA08B /* Assets.xcassets in Resources */,
				3E958DFC26C060C8001CA08B /* Main.storyboard in Resources */,
			);
			runOnlyForDeploymentPostprocessing = 0;
		};
/* End PBXResourcesBuildPhase section */

/* Begin PBXSourcesBuildPhase section */
		3E958DED26C060C8001CA08B /* Sources */ = {
			isa = PBXSourcesBuildPhase;
			buildActionMask = 2147483647;
			files = (
				3E958E0926C06A13001CA08B /* UIView.swift in Sources */,
				3E958DF926C060C8001CA08B /* ViewController.swift in Sources */,
				3EAE538C26E3B484001397C5 /* UserService.swift in Sources */,
				3EAE538626E3B09D001397C5 /* UILabel.swift in Sources */,
				3EAE538326E3AC64001397C5 /* CombineCardView.swift in Sources */,
				3EAE538926E3B3D3001397C5 /* User.swift in Sources */,
				3EAE538E26E3B967001397C5 /* UIImageView.swift in Sources */,
				3E958DF526C060C8001CA08B /* AppDelegate.swift in Sources */,
				3EACFAF626E3CA68009AB812 /* UIButton.swift in Sources */,
				3E958DF726C060C8001CA08B /* SceneDelegate.swift in Sources */,
				3E250CBA26E4201900C7A67D /* MatchVC.swift in Sources */,
				3EACFAF826E3EB31009AB812 /* Loading.swift in Sources */,
				3E6E464326C6045E00E54819 /* CombineVC.swift in Sources */,
			);
			runOnlyForDeploymentPostprocessing = 0;
		};
/* End PBXSourcesBuildPhase section */

/* Begin PBXVariantGroup section */
		3E958DFA26C060C8001CA08B /* Main.storyboard */ = {
			isa = PBXVariantGroup;
			children = (
				3E958DFB26C060C8001CA08B /* Base */,
			);
			name = Main.storyboard;
			sourceTree = "<group>";
		};
		3E958DFF26C060CA001CA08B /* LaunchScreen.storyboard */ = {
			isa = PBXVariantGroup;
			children = (
				3E958E0026C060CA001CA08B /* Base */,
			);
			name = LaunchScreen.storyboard;
			sourceTree = "<group>";
		};
/* End PBXVariantGroup section */

/* Begin XCBuildConfiguration section */
		3E958E0326C060CA001CA08B /* Debug */ = {
			isa = XCBuildConfiguration;
			buildSettings = {
				ALWAYS_SEARCH_USER_PATHS = NO;
				CLANG_ANALYZER_NONNULL = YES;
				CLANG_ANALYZER_NUMBER_OBJECT_CONVERSION = YES_AGGRESSIVE;
				CLANG_CXX_LANGUAGE_STANDARD = "gnu++14";
				CLANG_CXX_LIBRARY = "libc++";
				CLANG_ENABLE_MODULES = YES;
				CLANG_ENABLE_OBJC_ARC = YES;
				CLANG_ENABLE_OBJC_WEAK = YES;
				CLANG_WARN_BLOCK_CAPTURE_AUTORELEASING = YES;
				CLANG_WARN_BOOL_CONVERSION = YES;
				CLANG_WARN_COMMA = YES;
				CLANG_WARN_CONSTANT_CONVERSION = YES;
				CLANG_WARN_DEPRECATED_OBJC_IMPLEMENTATIONS = YES;
				CLANG_WARN_DIRECT_OBJC_ISA_USAGE = YES_ERROR;
				CLANG_WARN_DOCUMENTATION_COMMENTS = YES;
				CLANG_WARN_EMPTY_BODY = YES;
				CLANG_WARN_ENUM_CONVERSION = YES;
				CLANG_WARN_INFINITE_RECURSION = YES;
				CLANG_WARN_INT_CONVERSION = YES;
				CLANG_WARN_NON_LITERAL_NULL_CONVERSION = YES;
				CLANG_WARN_OBJC_IMPLICIT_RETAIN_SELF = YES;
				CLANG_WARN_OBJC_LITERAL_CONVERSION = YES;
				CLANG_WARN_OBJC_ROOT_CLASS = YES_ERROR;
				CLANG_WARN_QUOTED_INCLUDE_IN_FRAMEWORK_HEADER = YES;
				CLANG_WARN_RANGE_LOOP_ANALYSIS = YES;
				CLANG_WARN_STRICT_PROTOTYPES = YES;
				CLANG_WARN_SUSPICIOUS_MOVE = YES;
				CLANG_WARN_UNGUARDED_AVAILABILITY = YES_AGGRESSIVE;
				CLANG_WARN_UNREACHABLE_CODE = YES;
				CLANG_WARN__DUPLICATE_METHOD_MATCH = YES;
				COPY_PHASE_STRIP = NO;
				DEBUG_INFORMATION_FORMAT = dwarf;
				ENABLE_STRICT_OBJC_MSGSEND = YES;
				ENABLE_TESTABILITY = YES;
				GCC_C_LANGUAGE_STANDARD = gnu11;
				GCC_DYNAMIC_NO_PIC = NO;
				GCC_NO_COMMON_BLOCKS = YES;
				GCC_OPTIMIZATION_LEVEL = 0;
				GCC_PREPROCESSOR_DEFINITIONS = (
					"DEBUG=1",
					"$(inherited)",
				);
				GCC_WARN_64_TO_32_BIT_CONVERSION = YES;
				GCC_WARN_ABOUT_RETURN_TYPE = YES_ERROR;
				GCC_WARN_UNDECLARED_SELECTOR = YES;
				GCC_WARN_UNINITIALIZED_AUTOS = YES_AGGRESSIVE;
				GCC_WARN_UNUSED_FUNCTION = YES;
				GCC_WARN_UNUSED_VARIABLE = YES;
				IPHONEOS_DEPLOYMENT_TARGET = 14.5;
				MTL_ENABLE_DEBUG_INFO = INCLUDE_SOURCE;
				MTL_FAST_MATH = YES;
				ONLY_ACTIVE_ARCH = YES;
				SDKROOT = iphoneos;
				SWIFT_ACTIVE_COMPILATION_CONDITIONS = DEBUG;
				SWIFT_OPTIMIZATION_LEVEL = "-Onone";
			};
			name = Debug;
		};
		3E958E0426C060CA001CA08B /* Release */ = {
			isa = XCBuildConfiguration;
			buildSettings = {
				ALWAYS_SEARCH_USER_PATHS = NO;
				CLANG_ANALYZER_NONNULL = YES;
				CLANG_ANALYZER_NUMBER_OBJECT_CONVERSION = YES_AGGRESSIVE;
				CLANG_CXX_LANGUAGE_STANDARD = "gnu++14";
				CLANG_CXX_LIBRARY = "libc++";
				CLANG_ENABLE_MODULES = YES;
				CLANG_ENABLE_OBJC_ARC = YES;
				CLANG_ENABLE_OBJC_WEAK = YES;
				CLANG_WARN_BLOCK_CAPTURE_AUTORELEASING = YES;
				CLANG_WARN_BOOL_CONVERSION = YES;
				CLANG_WARN_COMMA = YES;
				CLANG_WARN_CONSTANT_CONVERSION = YES;
				CLANG_WARN_DEPRECATED_OBJC_IMPLEMENTATIONS = YES;
				CLANG_WARN_DIRECT_OBJC_ISA_USAGE = YES_ERROR;
				CLANG_WARN_DOCUMENTATION_COMMENTS = YES;
				CLANG_WARN_EMPTY_BODY = YES;
				CLANG_WARN_ENUM_CONVERSION = YES;
				CLANG_WARN_INFINITE_RECURSION = YES;
				CLANG_WARN_INT_CONVERSION = YES;
				CLANG_WARN_NON_LITERAL_NULL_CONVERSION = YES;
				CLANG_WARN_OBJC_IMPLICIT_RETAIN_SELF = YES;
				CLANG_WARN_OBJC_LITERAL_CONVERSION = YES;
				CLANG_WARN_OBJC_ROOT_CLASS = YES_ERROR;
				CLANG_WARN_QUOTED_INCLUDE_IN_FRAMEWORK_HEADER = YES;
				CLANG_WARN_RANGE_LOOP_ANALYSIS = YES;
				CLANG_WARN_STRICT_PROTOTYPES = YES;
				CLANG_WARN_SUSPICIOUS_MOVE = YES;
				CLANG_WARN_UNGUARDED_AVAILABILITY = YES_AGGRESSIVE;
				CLANG_WARN_UNREACHABLE_CODE = YES;
				CLANG_WARN__DUPLICATE_METHOD_MATCH = YES;
				COPY_PHASE_STRIP = NO;
				DEBUG_INFORMATION_FORMAT = "dwarf-with-dsym";
				ENABLE_NS_ASSERTIONS = NO;
				ENABLE_STRICT_OBJC_MSGSEND = YES;
				GCC_C_LANGUAGE_STANDARD = gnu11;
				GCC_NO_COMMON_BLOCKS = YES;
				GCC_WARN_64_TO_32_BIT_CONVERSION = YES;
				GCC_WARN_ABOUT_RETURN_TYPE = YES_ERROR;
				GCC_WARN_UNDECLARED_SELECTOR = YES;
				GCC_WARN_UNINITIALIZED_AUTOS = YES_AGGRESSIVE;
				GCC_WARN_UNUSED_FUNCTION = YES;
				GCC_WARN_UNUSED_VARIABLE = YES;
				IPHONEOS_DEPLOYMENT_TARGET = 14.5;
				MTL_ENABLE_DEBUG_INFO = NO;
				MTL_FAST_MATH = YES;
				SDKROOT = iphoneos;
				SWIFT_COMPILATION_MODE = wholemodule;
				SWIFT_OPTIMIZATION_LEVEL = "-O";
				VALIDATE_PRODUCT = YES;
			};
			name = Release;
		};
		3E958E0626C060CA001CA08B /* Debug */ = {
			isa = XCBuildConfiguration;
			buildSettings = {
				ASSETCATALOG_COMPILER_APPICON_NAME = AppIcon;
				ASSETCATALOG_COMPILER_GLOBAL_ACCENT_COLOR_NAME = AccentColor;
				CODE_SIGN_STYLE = Automatic;
				INFOPLIST_FILE = tinder/Info.plist;
				LD_RUNPATH_SEARCH_PATHS = (
					"$(inherited)",
					"@executable_path/Frameworks",
				);
				PRODUCT_BUNDLE_IDENTIFIER = com.allexisfigueiredo.tinder;
				PRODUCT_NAME = "$(TARGET_NAME)";
				SWIFT_VERSION = 5.0;
				TARGETED_DEVICE_FAMILY = "1,2";
			};
			name = Debug;
		};
		3E958E0726C060CA001CA08B /* Release */ = {
			isa = XCBuildConfiguration;
			buildSettings = {
				ASSETCATALOG_COMPILER_APPICON_NAME = AppIcon;
				ASSETCATALOG_COMPILER_GLOBAL_ACCENT_COLOR_NAME = AccentColor;
				CODE_SIGN_STYLE = Automatic;
				INFOPLIST_FILE = tinder/Info.plist;
				LD_RUNPATH_SEARCH_PATHS = (
					"$(inherited)",
					"@executable_path/Frameworks",
				);
				PRODUCT_BUNDLE_IDENTIFIER = com.allexisfigueiredo.tinder;
				PRODUCT_NAME = "$(TARGET_NAME)";
				SWIFT_VERSION = 5.0;
				TARGETED_DEVICE_FAMILY = "1,2";
			};
			name = Release;
		};
/* End XCBuildConfiguration section */

/* Begin XCConfigurationList section */
		3E958DEC26C060C8001CA08B /* Build configuration list for PBXProject "tinder" */ = {
			isa = XCConfigurationList;
			buildConfigurations = (
				3E958E0326C060CA001CA08B /* Debug */,
				3E958E0426C060CA001CA08B /* Release */,
			);
			defaultConfigurationIsVisible = 0;
			defaultConfigurationName = Release;
		};
		3E958E0526C060CA001CA08B /* Build configuration list for PBXNativeTarget "tinder" */ = {
			isa = XCConfigurationList;
			buildConfigurations = (
				3E958E0626C060CA001CA08B /* Debug */,
				3E958E0726C060CA001CA08B /* Release */,
			);
			defaultConfigurationIsVisible = 0;
			defaultConfigurationName = Release;
		};
/* End XCConfigurationList section */
	};
	rootObject = 3E958DE926C060C8001CA08B /* Project object */;
}
